// !$*UTF8*$!
{
	archiveVersion = 1;
	classes = {
	};
	objectVersion = 56;
	objects = {

/* Begin PBXBuildFile section */
		2ABE84802AC917EC0008C3B4 /* iTourApp.swift in Sources */ = {isa = PBXBuildFile; fileRef = 2ABE847F2AC917EC0008C3B4 /* iTourApp.swift */; };
		2ABE84822AC917EC0008C3B4 /* ContentView.swift in Sources */ = {isa = PBXBuildFile; fileRef = 2ABE84812AC917EC0008C3B4 /* ContentView.swift */; };
		2ABE84842AC917EE0008C3B4 /* Assets.xcassets in Resources */ = {isa = PBXBuildFile; fileRef = 2ABE84832AC917EE0008C3B4 /* Assets.xcassets */; };
		2ABE84872AC917EE0008C3B4 /* Preview Assets.xcassets in Resources */ = {isa = PBXBuildFile; fileRef = 2ABE84862AC917EE0008C3B4 /* Preview Assets.xcassets */; };
		2ABE84912AC917EE0008C3B4 /* iTourTests.swift in Sources */ = {isa = PBXBuildFile; fileRef = 2ABE84902AC917EE0008C3B4 /* iTourTests.swift */; };
		2ABE849B2AC917EE0008C3B4 /* iTourUITests.swift in Sources */ = {isa = PBXBuildFile; fileRef = 2ABE849A2AC917EE0008C3B4 /* iTourUITests.swift */; };
		2ABE849D2AC917EE0008C3B4 /* iTourUITestsLaunchTests.swift in Sources */ = {isa = PBXBuildFile; fileRef = 2ABE849C2AC917EE0008C3B4 /* iTourUITestsLaunchTests.swift */; };
		2ABE84AA2AC9182F0008C3B4 /* Destination.swift in Sources */ = {isa = PBXBuildFile; fileRef = 2ABE84A92AC9182F0008C3B4 /* Destination.swift */; };
		2ABE84AC2AC922300008C3B4 /* EditDestinationView.swift in Sources */ = {isa = PBXBuildFile; fileRef = 2ABE84AB2AC922300008C3B4 /* EditDestinationView.swift */; };
		2ABE84AE2AC92C290008C3B4 /* DestinationListingView.swift in Sources */ = {isa = PBXBuildFile; fileRef = 2ABE84AD2AC92C290008C3B4 /* DestinationListingView.swift */; };
		2ABE84B02AC9352E0008C3B4 /* Site.swift in Sources */ = {isa = PBXBuildFile; fileRef = 2ABE84AF2AC9352E0008C3B4 /* Site.swift */; };
/* End PBXBuildFile section */

/* Begin PBXContainerItemProxy section */
		2ABE848D2AC917EE0008C3B4 /* PBXContainerItemProxy */ = {
			isa = PBXContainerItemProxy;
			containerPortal = 2ABE84742AC917EC0008C3B4 /* Project object */;
			proxyType = 1;
			remoteGlobalIDString = 2ABE847B2AC917EC0008C3B4;
			remoteInfo = iTour;
		};
		2ABE84972AC917EE0008C3B4 /* PBXContainerItemProxy */ = {
			isa = PBXContainerItemProxy;
			containerPortal = 2ABE84742AC917EC0008C3B4 /* Project object */;
			proxyType = 1;
			remoteGlobalIDString = 2ABE847B2AC917EC0008C3B4;
			remoteInfo = iTour;
		};
/* End PBXContainerItemProxy section */

/* Begin PBXFileReference section */
		2ABE847C2AC917EC0008C3B4 /* iTour.app */ = {isa = PBXFileReference; explicitFileType = wrapper.application; includeInIndex = 0; path = iTour.app; sourceTree = BUILT_PRODUCTS_DIR; };
		2ABE847F2AC917EC0008C3B4 /* iTourApp.swift */ = {isa = PBXFileReference; lastKnownFileType = sourcecode.swift; path = iTourApp.swift; sourceTree = "<group>"; };
		2ABE84812AC917EC0008C3B4 /* ContentView.swift */ = {isa = PBXFileReference; lastKnownFileType = sourcecode.swift; path = ContentView.swift; sourceTree = "<group>"; };
		2ABE84832AC917EE0008C3B4 /* Assets.xcassets */ = {isa = PBXFileReference; lastKnownFileType = folder.assetcatalog; path = Assets.xcassets; sourceTree = "<group>"; };
		2ABE84862AC917EE0008C3B4 /* Preview Assets.xcassets */ = {isa = PBXFileReference; lastKnownFileType = folder.assetcatalog; path = "Preview Assets.xcassets"; sourceTree = "<group>"; };
		2ABE848C2AC917EE0008C3B4 /* iTourTests.xctest */ = {isa = PBXFileReference; explicitFileType = wrapper.cfbundle; includeInIndex = 0; path = iTourTests.xctest; sourceTree = BUILT_PRODUCTS_DIR; };
		2ABE84902AC917EE0008C3B4 /* iTourTests.swift */ = {isa = PBXFileReference; lastKnownFileType = sourcecode.swift; path = iTourTests.swift; sourceTree = "<group>"; };
		2ABE84962AC917EE0008C3B4 /* iTourUITests.xctest */ = {isa = PBXFileReference; explicitFileType = wrapper.cfbundle; includeInIndex = 0; path = iTourUITests.xctest; sourceTree = BUILT_PRODUCTS_DIR; };
		2ABE849A2AC917EE0008C3B4 /* iTourUITests.swift */ = {isa = PBXFileReference; lastKnownFileType = sourcecode.swift; path = iTourUITests.swift; sourceTree = "<group>"; };
		2ABE849C2AC917EE0008C3B4 /* iTourUITestsLaunchTests.swift */ = {isa = PBXFileReference; lastKnownFileType = sourcecode.swift; path = iTourUITestsLaunchTests.swift; sourceTree = "<group>"; };
		2ABE84A92AC9182F0008C3B4 /* Destination.swift */ = {isa = PBXFileReference; lastKnownFileType = sourcecode.swift; path = Destination.swift; sourceTree = "<group>"; };
		2ABE84AB2AC922300008C3B4 /* EditDestinationView.swift */ = {isa = PBXFileReference; lastKnownFileType = sourcecode.swift; path = EditDestinationView.swift; sourceTree = "<group>"; };
		2ABE84AD2AC92C290008C3B4 /* DestinationListingView.swift */ = {isa = PBXFileReference; lastKnownFileType = sourcecode.swift; path = DestinationListingView.swift; sourceTree = "<group>"; };
		2ABE84AF2AC9352E0008C3B4 /* Site.swift */ = {isa = PBXFileReference; lastKnownFileType = sourcecode.swift; path = Site.swift; sourceTree = "<group>"; };
/* End PBXFileReference section */

/* Begin PBXFrameworksBuildPhase section */
		2ABE84792AC917EC0008C3B4 /* Frameworks */ = {
			isa = PBXFrameworksBuildPhase;
			buildActionMask = 2147483647;
			files = (
			);
			runOnlyForDeploymentPostprocessing = 0;
		};
		2ABE84892AC917EE0008C3B4 /* Frameworks */ = {
			isa = PBXFrameworksBuildPhase;
			buildActionMask = 2147483647;
			files = (
			);
			runOnlyForDeploymentPostprocessing = 0;
		};
		2ABE84932AC917EE0008C3B4 /* Frameworks */ = {
			isa = PBXFrameworksBuildPhase;
			buildActionMask = 2147483647;
			files = (
			);
			runOnlyForDeploymentPostprocessing = 0;
		};
/* End PBXFrameworksBuildPhase section */

/* Begin PBXGroup section */
		2ABE84732AC917EC0008C3B4 = {
			isa = PBXGroup;
			children = (
				2ABE84AF2AC9352E0008C3B4 /* Site.swift */,
				2ABE847E2AC917EC0008C3B4 /* iTour */,
				2ABE848F2AC917EE0008C3B4 /* iTourTests */,
				2ABE84992AC917EE0008C3B4 /* iTourUITests */,
				2ABE847D2AC917EC0008C3B4 /* Products */,
			);
			sourceTree = "<group>";
		};
		2ABE847D2AC917EC0008C3B4 /* Products */ = {
			isa = PBXGroup;
			children = (
				2ABE847C2AC917EC0008C3B4 /* iTour.app */,
				2ABE848C2AC917EE0008C3B4 /* iTourTests.xctest */,
				2ABE84962AC917EE0008C3B4 /* iTourUITests.xctest */,
			);
			name = Products;
			sourceTree = "<group>";
		};
		2ABE847E2AC917EC0008C3B4 /* iTour */ = {
			isa = PBXGroup;
			children = (
				2ABE84AB2AC922300008C3B4 /* EditDestinationView.swift */,
				2ABE847F2AC917EC0008C3B4 /* iTourApp.swift */,
				2ABE84812AC917EC0008C3B4 /* ContentView.swift */,
				2ABE84AD2AC92C290008C3B4 /* DestinationListingView.swift */,
				2ABE84A92AC9182F0008C3B4 /* Destination.swift */,
				2ABE84832AC917EE0008C3B4 /* Assets.xcassets */,
				2ABE84852AC917EE0008C3B4 /* Preview Content */,
			);
			path = iTour;
			sourceTree = "<group>";
		};
		2ABE84852AC917EE0008C3B4 /* Preview Content */ = {
			isa = PBXGroup;
			children = (
				2ABE84862AC917EE0008C3B4 /* Preview Assets.xcassets */,
			);
			path = "Preview Content";
			sourceTree = "<group>";
		};
		2ABE848F2AC917EE0008C3B4 /* iTourTests */ = {
			isa = PBXGroup;
			children = (
				2ABE84902AC917EE0008C3B4 /* iTourTests.swift */,
			);
			path = iTourTests;
			sourceTree = "<group>";
		};
		2ABE84992AC917EE0008C3B4 /* iTourUITests */ = {
			isa = PBXGroup;
			children = (
				2ABE849A2AC917EE0008C3B4 /* iTourUITests.swift */,
				2ABE849C2AC917EE0008C3B4 /* iTourUITestsLaunchTests.swift */,
			);
			path = iTourUITests;
			sourceTree = "<group>";
		};
/* End PBXGroup section */

/* Begin PBXNativeTarget section */
		2ABE847B2AC917EC0008C3B4 /* iTour */ = {
			isa = PBXNativeTarget;
			buildConfigurationList = 2ABE84A02AC917EE0008C3B4 /* Build configuration list for PBXNativeTarget "iTour" */;
			buildPhases = (
				2ABE84782AC917EC0008C3B4 /* Sources */,
				2ABE84792AC917EC0008C3B4 /* Frameworks */,
				2ABE847A2AC917EC0008C3B4 /* Resources */,
			);
			buildRules = (
			);
			dependencies = (
			);
			name = iTour;
			productName = iTour;
			productReference = 2ABE847C2AC917EC0008C3B4 /* iTour.app */;
			productType = "com.apple.product-type.application";
		};
		2ABE848B2AC917EE0008C3B4 /* iTourTests */ = {
			isa = PBXNativeTarget;
			buildConfigurationList = 2ABE84A32AC917EE0008C3B4 /* Build configuration list for PBXNativeTarget "iTourTests" */;
			buildPhases = (
				2ABE84882AC917EE0008C3B4 /* Sources */,
				2ABE84892AC917EE0008C3B4 /* Frameworks */,
				2ABE848A2AC917EE0008C3B4 /* Resources */,
			);
			buildRules = (
			);
			dependencies = (
				2ABE848E2AC917EE0008C3B4 /* PBXTargetDependency */,
			);
			name = iTourTests;
			productName = iTourTests;
			productReference = 2ABE848C2AC917EE0008C3B4 /* iTourTests.xctest */;
			productType = "com.apple.product-type.bundle.unit-test";
		};
		2ABE84952AC917EE0008C3B4 /* iTourUITests */ = {
			isa = PBXNativeTarget;
			buildConfigurationList = 2ABE84A62AC917EE0008C3B4 /* Build configuration list for PBXNativeTarget "iTourUITests" */;
			buildPhases = (
				2ABE84922AC917EE0008C3B4 /* Sources */,
				2ABE84932AC917EE0008C3B4 /* Frameworks */,
				2ABE84942AC917EE0008C3B4 /* Resources */,
			);
			buildRules = (
			);
			dependencies = (
				2ABE84982AC917EE0008C3B4 /* PBXTargetDependency */,
			);
			name = iTourUITests;
			productName = iTourUITests;
			productReference = 2ABE84962AC917EE0008C3B4 /* iTourUITests.xctest */;
			productType = "com.apple.product-type.bundle.ui-testing";
		};
/* End PBXNativeTarget section */

/* Begin PBXProject section */
		2ABE84742AC917EC0008C3B4 /* Project object */ = {
			isa = PBXProject;
			attributes = {
				BuildIndependentTargetsInParallel = 1;
				LastSwiftUpdateCheck = 1500;
				LastUpgradeCheck = 1500;
				TargetAttributes = {
					2ABE847B2AC917EC0008C3B4 = {
						CreatedOnToolsVersion = 15.0;
					};
					2ABE848B2AC917EE0008C3B4 = {
						CreatedOnToolsVersion = 15.0;
						TestTargetID = 2ABE847B2AC917EC0008C3B4;
					};
					2ABE84952AC917EE0008C3B4 = {
						CreatedOnToolsVersion = 15.0;
						TestTargetID = 2ABE847B2AC917EC0008C3B4;
					};
				};
			};
			buildConfigurationList = 2ABE84772AC917EC0008C3B4 /* Build configuration list for PBXProject "iTour" */;
			compatibilityVersion = "Xcode 14.0";
			developmentRegion = en;
			hasScannedForEncodings = 0;
			knownRegions = (
				en,
				Base,
			);
			mainGroup = 2ABE84732AC917EC0008C3B4;
			productRefGroup = 2ABE847D2AC917EC0008C3B4 /* Products */;
			projectDirPath = "";
			projectRoot = "";
			targets = (
				2ABE847B2AC917EC0008C3B4 /* iTour */,
				2ABE848B2AC917EE0008C3B4 /* iTourTests */,
				2ABE84952AC917EE0008C3B4 /* iTourUITests */,
			);
		};
/* End PBXProject section */

/* Begin PBXResourcesBuildPhase section */
		2ABE847A2AC917EC0008C3B4 /* Resources */ = {
			isa = PBXResourcesBuildPhase;
			buildActionMask = 2147483647;
			files = (
				2ABE84872AC917EE0008C3B4 /* Preview Assets.xcassets in Resources */,
				2ABE84842AC917EE0008C3B4 /* Assets.xcassets in Resources */,
			);
			runOnlyForDeploymentPostprocessing = 0;
		};
		2ABE848A2AC917EE0008C3B4 /* Resources */ = {
			isa = PBXResourcesBuildPhase;
			buildActionMask = 2147483647;
			files = (
			);
			runOnlyForDeploymentPostprocessing = 0;
		};
		2ABE84942AC917EE0008C3B4 /* Resources */ = {
			isa = PBXResourcesBuildPhase;
			buildActionMask = 2147483647;
			files = (
			);
			runOnlyForDeploymentPostprocessing = 0;
		};
/* End PBXResourcesBuildPhase section */

/* Begin PBXSourcesBuildPhase section */
		2ABE84782AC917EC0008C3B4 /* Sources */ = {
			isa = PBXSourcesBuildPhase;
			buildActionMask = 2147483647;
			files = (
				2ABE84822AC917EC0008C3B4 /* ContentView.swift in Sources */,
				2ABE84802AC917EC0008C3B4 /* iTourApp.swift in Sources */,
				2ABE84AA2AC9182F0008C3B4 /* Destination.swift in Sources */,
				2ABE84AC2AC922300008C3B4 /* EditDestinationView.swift in Sources */,
				2ABE84B02AC9352E0008C3B4 /* Site.swift in Sources */,
				2ABE84AE2AC92C290008C3B4 /* DestinationListingView.swift in Sources */,
			);
			runOnlyForDeploymentPostprocessing = 0;
		};
		2ABE84882AC917EE0008C3B4 /* Sources */ = {
			isa = PBXSourcesBuildPhase;
			buildActionMask = 2147483647;
			files = (
				2ABE84912AC917EE0008C3B4 /* iTourTests.swift in Sources */,
			);
			runOnlyForDeploymentPostprocessing = 0;
		};
		2ABE84922AC917EE0008C3B4 /* Sources */ = {
			isa = PBXSourcesBuildPhase;
			buildActionMask = 2147483647;
			files = (
				2ABE849D2AC917EE0008C3B4 /* iTourUITestsLaunchTests.swift in Sources */,
				2ABE849B2AC917EE0008C3B4 /* iTourUITests.swift in Sources */,
			);
			runOnlyForDeploymentPostprocessing = 0;
		};
/* End PBXSourcesBuildPhase section */

/* Begin PBXTargetDependency section */
		2ABE848E2AC917EE0008C3B4 /* PBXTargetDependency */ = {
			isa = PBXTargetDependency;
			target = 2ABE847B2AC917EC0008C3B4 /* iTour */;
			targetProxy = 2ABE848D2AC917EE0008C3B4 /* PBXContainerItemProxy */;
		};
		2ABE84982AC917EE0008C3B4 /* PBXTargetDependency */ = {
			isa = PBXTargetDependency;
			target = 2ABE847B2AC917EC0008C3B4 /* iTour */;
			targetProxy = 2ABE84972AC917EE0008C3B4 /* PBXContainerItemProxy */;
		};
/* End PBXTargetDependency section */

/* Begin XCBuildConfiguration section */
		2ABE849E2AC917EE0008C3B4 /* Debug */ = {
			isa = XCBuildConfiguration;
			buildSettings = {
				ALWAYS_SEARCH_USER_PATHS = NO;
				ASSETCATALOG_COMPILER_GENERATE_SWIFT_ASSET_SYMBOL_EXTENSIONS = YES;
				CLANG_ANALYZER_NONNULL = YES;
				CLANG_ANALYZER_NUMBER_OBJECT_CONVERSION = YES_AGGRESSIVE;
				CLANG_CXX_LANGUAGE_STANDARD = "gnu++20";
				CLANG_ENABLE_MODULES = YES;
				CLANG_ENABLE_OBJC_ARC = YES;
				CLANG_ENABLE_OBJC_WEAK = YES;
				CLANG_WARN_BLOCK_CAPTURE_AUTORELEASING = YES;
				CLANG_WARN_BOOL_CONVERSION = YES;
				CLANG_WARN_COMMA = YES;
				CLANG_WARN_CONSTANT_CONVERSION = YES;
				CLANG_WARN_DEPRECATED_OBJC_IMPLEMENTATIONS = YES;
				CLANG_WARN_DIRECT_OBJC_ISA_USAGE = YES_ERROR;
				CLANG_WARN_DOCUMENTATION_COMMENTS = YES;
				CLANG_WARN_EMPTY_BODY = YES;
				CLANG_WARN_ENUM_CONVERSION = YES;
				CLANG_WARN_INFINITE_RECURSION = YES;
				CLANG_WARN_INT_CONVERSION = YES;
				CLANG_WARN_NON_LITERAL_NULL_CONVERSION = YES;
				CLANG_WARN_OBJC_IMPLICIT_RETAIN_SELF = YES;
				CLANG_WARN_OBJC_LITERAL_CONVERSION = YES;
				CLANG_WARN_OBJC_ROOT_CLASS = YES_ERROR;
				CLANG_WARN_QUOTED_INCLUDE_IN_FRAMEWORK_HEADER = YES;
				CLANG_WARN_RANGE_LOOP_ANALYSIS = YES;
				CLANG_WARN_STRICT_PROTOTYPES = YES;
				CLANG_WARN_SUSPICIOUS_MOVE = YES;
				CLANG_WARN_UNGUARDED_AVAILABILITY = YES_AGGRESSIVE;
				CLANG_WARN_UNREACHABLE_CODE = YES;
				CLANG_WARN__DUPLICATE_METHOD_MATCH = YES;
				COPY_PHASE_STRIP = NO;
				DEBUG_INFORMATION_FORMAT = dwarf;
				ENABLE_STRICT_OBJC_MSGSEND = YES;
				ENABLE_TESTABILITY = YES;
				ENABLE_USER_SCRIPT_SANDBOXING = YES;
				GCC_C_LANGUAGE_STANDARD = gnu17;
				GCC_DYNAMIC_NO_PIC = NO;
				GCC_NO_COMMON_BLOCKS = YES;
				GCC_OPTIMIZATION_LEVEL = 0;
				GCC_PREPROCESSOR_DEFINITIONS = (
					"DEBUG=1",
					"$(inherited)",
				);
				GCC_WARN_64_TO_32_BIT_CONVERSION = YES;
				GCC_WARN_ABOUT_RETURN_TYPE = YES_ERROR;
				GCC_WARN_UNDECLARED_SELECTOR = YES;
				GCC_WARN_UNINITIALIZED_AUTOS = YES_AGGRESSIVE;
				GCC_WARN_UNUSED_FUNCTION = YES;
				GCC_WARN_UNUSED_VARIABLE = YES;
				IPHONEOS_DEPLOYMENT_TARGET = 17.0;
				LOCALIZATION_PREFERS_STRING_CATALOGS = YES;
				MTL_ENABLE_DEBUG_INFO = INCLUDE_SOURCE;
				MTL_FAST_MATH = YES;
				ONLY_ACTIVE_ARCH = YES;
				SDKROOT = iphoneos;
				SWIFT_ACTIVE_COMPILATION_CONDITIONS = "DEBUG $(inherited)";
				SWIFT_OPTIMIZATION_LEVEL = "-Onone";
			};
			name = Debug;
		};
		2ABE849F2AC917EE0008C3B4 /* Release */ = {
			isa = XCBuildConfiguration;
			buildSettings = {
				ALWAYS_SEARCH_USER_PATHS = NO;
				ASSETCATALOG_COMPILER_GENERATE_SWIFT_ASSET_SYMBOL_EXTENSIONS = YES;
				CLANG_ANALYZER_NONNULL = YES;
				CLANG_ANALYZER_NUMBER_OBJECT_CONVERSION = YES_AGGRESSIVE;
				CLANG_CXX_LANGUAGE_STANDARD = "gnu++20";
				CLANG_ENABLE_MODULES = YES;
				CLANG_ENABLE_OBJC_ARC = YES;
				CLANG_ENABLE_OBJC_WEAK = YES;
				CLANG_WARN_BLOCK_CAPTURE_AUTORELEASING = YES;
				CLANG_WARN_BOOL_CONVERSION = YES;
				CLANG_WARN_COMMA = YES;
				CLANG_WARN_CONSTANT_CONVERSION = YES;
				CLANG_WARN_DEPRECATED_OBJC_IMPLEMENTATIONS = YES;
				CLANG_WARN_DIRECT_OBJC_ISA_USAGE = YES_ERROR;
				CLANG_WARN_DOCUMENTATION_COMMENTS = YES;
				CLANG_WARN_EMPTY_BODY = YES;
				CLANG_WARN_ENUM_CONVERSION = YES;
				CLANG_WARN_INFINITE_RECURSION = YES;
				CLANG_WARN_INT_CONVERSION = YES;
				CLANG_WARN_NON_LITERAL_NULL_CONVERSION = YES;
				CLANG_WARN_OBJC_IMPLICIT_RETAIN_SELF = YES;
				CLANG_WARN_OBJC_LITERAL_CONVERSION = YES;
				CLANG_WARN_OBJC_ROOT_CLASS = YES_ERROR;
				CLANG_WARN_QUOTED_INCLUDE_IN_FRAMEWORK_HEADER = YES;
				CLANG_WARN_RANGE_LOOP_ANALYSIS = YES;
				CLANG_WARN_STRICT_PROTOTYPES = YES;
				CLANG_WARN_SUSPICIOUS_MOVE = YES;
				CLANG_WARN_UNGUARDED_AVAILABILITY = YES_AGGRESSIVE;
				CLANG_WARN_UNREACHABLE_CODE = YES;
				CLANG_WARN__DUPLICATE_METHOD_MATCH = YES;
				COPY_PHASE_STRIP = NO;
				DEBUG_INFORMATION_FORMAT = "dwarf-with-dsym";
				ENABLE_NS_ASSERTIONS = NO;
				ENABLE_STRICT_OBJC_MSGSEND = YES;
				ENABLE_USER_SCRIPT_SANDBOXING = YES;
				GCC_C_LANGUAGE_STANDARD = gnu17;
				GCC_NO_COMMON_BLOCKS = YES;
				GCC_WARN_64_TO_32_BIT_CONVERSION = YES;
				GCC_WARN_ABOUT_RETURN_TYPE = YES_ERROR;
				GCC_WARN_UNDECLARED_SELECTOR = YES;
				GCC_WARN_UNINITIALIZED_AUTOS = YES_AGGRESSIVE;
				GCC_WARN_UNUSED_FUNCTION = YES;
				GCC_WARN_UNUSED_VARIABLE = YES;
				IPHONEOS_DEPLOYMENT_TARGET = 17.0;
				LOCALIZATION_PREFERS_STRING_CATALOGS = YES;
				MTL_ENABLE_DEBUG_INFO = NO;
				MTL_FAST_MATH = YES;
				SDKROOT = iphoneos;
				SWIFT_COMPILATION_MODE = wholemodule;
				VALIDATE_PRODUCT = YES;
			};
			name = Release;
		};
		2ABE84A12AC917EE0008C3B4 /* Debug */ = {
			isa = XCBuildConfiguration;
			buildSettings = {
				ASSETCATALOG_COMPILER_APPICON_NAME = AppIcon;
				ASSETCATALOG_COMPILER_GLOBAL_ACCENT_COLOR_NAME = AccentColor;
				CODE_SIGN_STYLE = Automatic;
				CURRENT_PROJECT_VERSION = 1;
				DEVELOPMENT_ASSET_PATHS = "\"iTour/Preview Content\"";
				DEVELOPMENT_TEAM = 476QK54UU2;
				ENABLE_PREVIEWS = YES;
				GENERATE_INFOPLIST_FILE = YES;
				INFOPLIST_KEY_UIApplicationSceneManifest_Generation = YES;
				INFOPLIST_KEY_UIApplicationSupportsIndirectInputEvents = YES;
				INFOPLIST_KEY_UILaunchScreen_Generation = YES;
				INFOPLIST_KEY_UISupportedInterfaceOrientations_iPad = "UIInterfaceOrientationPortrait UIInterfaceOrientationPortraitUpsideDown UIInterfaceOrientationLandscapeLeft UIInterfaceOrientationLandscapeRight";
				INFOPLIST_KEY_UISupportedInterfaceOrientations_iPhone = "UIInterfaceOrientationPortrait UIInterfaceOrientationLandscapeLeft UIInterfaceOrientationLandscapeRight";
				LD_RUNPATH_SEARCH_PATHS = (
					"$(inherited)",
					"@executable_path/Frameworks",
				);
				MARKETING_VERSION = 1.0;
				PRODUCT_BUNDLE_IDENTIFIER = "com.it-guy.iTour";
				PRODUCT_NAME = "$(TARGET_NAME)";
				SWIFT_EMIT_LOC_STRINGS = YES;
				SWIFT_VERSION = 5.0;
				TARGETED_DEVICE_FAMILY = "1,2";
			};
			name = Debug;
		};
		2ABE84A22AC917EE0008C3B4 /* Release */ = {
			isa = XCBuildConfiguration;
			buildSettings = {
				ASSETCATALOG_COMPILER_APPICON_NAME = AppIcon;
				ASSETCATALOG_COMPILER_GLOBAL_ACCENT_COLOR_NAME = AccentColor;
				CODE_SIGN_STYLE = Automatic;
				CURRENT_PROJECT_VERSION = 1;
				DEVELOPMENT_ASSET_PATHS = "\"iTour/Preview Content\"";
				DEVELOPMENT_TEAM = 476QK54UU2;
				ENABLE_PREVIEWS = YES;
				GENERATE_INFOPLIST_FILE = YES;
				INFOPLIST_KEY_UIApplicationSceneManifest_Generation = YES;
				INFOPLIST_KEY_UIApplicationSupportsIndirectInputEvents = YES;
				INFOPLIST_KEY_UILaunchScreen_Generation = YES;
				INFOPLIST_KEY_UISupportedInterfaceOrientations_iPad = "UIInterfaceOrientationPortrait UIInterfaceOrientationPortraitUpsideDown UIInterfaceOrientationLandscapeLeft UIInterfaceOrientationLandscapeRight";
				INFOPLIST_KEY_UISupportedInterfaceOrientations_iPhone = "UIInterfaceOrientationPortrait UIInterfaceOrientationLandscapeLeft UIInterfaceOrientationLandscapeRight";
				LD_RUNPATH_SEARCH_PATHS = (
					"$(inherited)",
					"@executable_path/Frameworks",
				);
				MARKETING_VERSION = 1.0;
				PRODUCT_BUNDLE_IDENTIFIER = "com.it-guy.iTour";
				PRODUCT_NAME = "$(TARGET_NAME)";
				SWIFT_EMIT_LOC_STRINGS = YES;
				SWIFT_VERSION = 5.0;
				TARGETED_DEVICE_FAMILY = "1,2";
			};
			name = Release;
		};
		2ABE84A42AC917EE0008C3B4 /* Debug */ = {
			isa = XCBuildConfiguration;
			buildSettings = {
				ALWAYS_EMBED_SWIFT_STANDARD_LIBRARIES = YES;
				BUNDLE_LOADER = "$(TEST_HOST)";
				CODE_SIGN_STYLE = Automatic;
				CURRENT_PROJECT_VERSION = 1;
				DEVELOPMENT_TEAM = 476QK54UU2;
				GENERATE_INFOPLIST_FILE = YES;
				IPHONEOS_DEPLOYMENT_TARGET = 17.0;
				MARKETING_VERSION = 1.0;
				PRODUCT_BUNDLE_IDENTIFIER = "com.it-guy.iTourTests";
				PRODUCT_NAME = "$(TARGET_NAME)";
				SWIFT_EMIT_LOC_STRINGS = NO;
				SWIFT_VERSION = 5.0;
				TARGETED_DEVICE_FAMILY = "1,2";
				TEST_HOST = "$(BUILT_PRODUCTS_DIR)/iTour.app/$(BUNDLE_EXECUTABLE_FOLDER_PATH)/iTour";
			};
			name = Debug;
		};
		2ABE84A52AC917EE0008C3B4 /* Release */ = {
			isa = XCBuildConfiguration;
			buildSettings = {
				ALWAYS_EMBED_SWIFT_STANDARD_LIBRARIES = YES;
				BUNDLE_LOADER = "$(TEST_HOST)";
				CODE_SIGN_STYLE = Automatic;
				CURRENT_PROJECT_VERSION = 1;
				DEVELOPMENT_TEAM = 476QK54UU2;
				GENERATE_INFOPLIST_FILE = YES;
				IPHONEOS_DEPLOYMENT_TARGET = 17.0;
				MARKETING_VERSION = 1.0;
				PRODUCT_BUNDLE_IDENTIFIER = "com.it-guy.iTourTests";
				PRODUCT_NAME = "$(TARGET_NAME)";
				SWIFT_EMIT_LOC_STRINGS = NO;
				SWIFT_VERSION = 5.0;
				TARGETED_DEVICE_FAMILY = "1,2";
				TEST_HOST = "$(BUILT_PRODUCTS_DIR)/iTour.app/$(BUNDLE_EXECUTABLE_FOLDER_PATH)/iTour";
			};
			name = Release;
		};
		2ABE84A72AC917EE0008C3B4 /* Debug */ = {
			isa = XCBuildConfiguration;
			buildSettings = {
				ALWAYS_EMBED_SWIFT_STANDARD_LIBRARIES = YES;
				CODE_SIGN_STYLE = Automatic;
				CURRENT_PROJECT_VERSION = 1;
				DEVELOPMENT_TEAM = 476QK54UU2;
				GENERATE_INFOPLIST_FILE = YES;
				MARKETING_VERSION = 1.0;
				PRODUCT_BUNDLE_IDENTIFIER = "com.it-guy.iTourUITests";
				PRODUCT_NAME = "$(TARGET_NAME)";
				SWIFT_EMIT_LOC_STRINGS = NO;
				SWIFT_VERSION = 5.0;
				TARGETED_DEVICE_FAMILY = "1,2";
				TEST_TARGET_NAME = iTour;
			};
			name = Debug;
		};
		2ABE84A82AC917EE0008C3B4 /* Release */ = {
			isa = XCBuildConfiguration;
			buildSettings = {
				ALWAYS_EMBED_SWIFT_STANDARD_LIBRARIES = YES;
				CODE_SIGN_STYLE = Automatic;
				CURRENT_PROJECT_VERSION = 1;
				DEVELOPMENT_TEAM = 476QK54UU2;
				GENERATE_INFOPLIST_FILE = YES;
				MARKETING_VERSION = 1.0;
				PRODUCT_BUNDLE_IDENTIFIER = "com.it-guy.iTourUITests";
				PRODUCT_NAME = "$(TARGET_NAME)";
				SWIFT_EMIT_LOC_STRINGS = NO;
				SWIFT_VERSION = 5.0;
				TARGETED_DEVICE_FAMILY = "1,2";
				TEST_TARGET_NAME = iTour;
			};
			name = Release;
		};
/* End XCBuildConfiguration section */

/* Begin XCConfigurationList section */
		2ABE84772AC917EC0008C3B4 /* Build configuration list for PBXProject "iTour" */ = {
			isa = XCConfigurationList;
			buildConfigurations = (
				2ABE849E2AC917EE0008C3B4 /* Debug */,
				2ABE849F2AC917EE0008C3B4 /* Release */,
			);
			defaultConfigurationIsVisible = 0;
			defaultConfigurationName = Release;
		};
		2ABE84A02AC917EE0008C3B4 /* Build configuration list for PBXNativeTarget "iTour" */ = {
			isa = XCConfigurationList;
			buildConfigurations = (
				2ABE84A12AC917EE0008C3B4 /* Debug */,
				2ABE84A22AC917EE0008C3B4 /* Release */,
			);
			defaultConfigurationIsVisible = 0;
			defaultConfigurationName = Release;
		};
		2ABE84A32AC917EE0008C3B4 /* Build configuration list for PBXNativeTarget "iTourTests" */ = {
			isa = XCConfigurationList;
			buildConfigurations = (
				2ABE84A42AC917EE0008C3B4 /* Debug */,
				2ABE84A52AC917EE0008C3B4 /* Release */,
			);
			defaultConfigurationIsVisible = 0;
			defaultConfigurationName = Release;
		};
		2ABE84A62AC917EE0008C3B4 /* Build configuration list for PBXNativeTarget "iTourUITests" */ = {
			isa = XCConfigurationList;
			buildConfigurations = (
				2ABE84A72AC917EE0008C3B4 /* Debug */,
				2ABE84A82AC917EE0008C3B4 /* Release */,
			);
			defaultConfigurationIsVisible = 0;
			defaultConfigurationName = Release;
		};
/* End XCConfigurationList section */
	};
	rootObject = 2ABE84742AC917EC0008C3B4 /* Project object */;
}
